
Microsoft Visual Studio Solution File, Format Version 12.00
# Visual Studio 15
VisualStudioVersion = 15.0.28307.421
MinimumVisualStudioVersion = 10.0.40219.1
<<<<<<< HEAD
Project("{9A19103F-16F7-4668-BE54-9A1E7A4F7556}") = "GlobalErrorHandling", "GlobalErrorHandling\GlobalErrorHandling.csproj", "{EE8C731C-E6B8-4F0A-AC1D-72AE1BD62C53}"
EndProject
Project("{9A19103F-16F7-4668-BE54-9A1E7A4F7556}") = "LoggerService", "LoggerService\LoggerService.csproj", "{BBFD9437-4737-4B54-A7D4-34BDC6CF8942}"
EndProject
Project("{FAE04EC0-301F-11D3-BF4B-00C04F79EFBC}") = "Entities", "Entities\Entities.csproj", "{D49CE9D6-06F1-452E-865E-47B52400EE50}"
EndProject
Project("{FAE04EC0-301F-11D3-BF4B-00C04F79EFBC}") = "Contracts", "Contracts\Contracts.csproj", "{A2866B67-5516-4E09-859E-ADE85F0208F8}"
EndProject
Project("{FAE04EC0-301F-11D3-BF4B-00C04F79EFBC}") = "Repository", "Repository\Repository.csproj", "{B4E20638-51DC-4A63-8CAB-D2E4893378D8}"
=======
Project("{FAE04EC0-301F-11D3-BF4B-00C04F79EFBC}") = "GlobalErrorHandling", "GlobalErrorHandling\GlobalErrorHandling.csproj", "{EE8C731C-E6B8-4F0A-AC1D-72AE1BD62C53}"
EndProject
Project("{FAE04EC0-301F-11D3-BF4B-00C04F79EFBC}") = "LoggerService", "LoggerService\LoggerService.csproj", "{BBFD9437-4737-4B54-A7D4-34BDC6CF8942}"
>>>>>>> 4ab991f5b43113c601b8ca09289c65dd6da1f92f
EndProject
Global
	GlobalSection(SolutionConfigurationPlatforms) = preSolution
		Debug|Any CPU = Debug|Any CPU
		Release|Any CPU = Release|Any CPU
	EndGlobalSection
	GlobalSection(ProjectConfigurationPlatforms) = postSolution
		{EE8C731C-E6B8-4F0A-AC1D-72AE1BD62C53}.Debug|Any CPU.ActiveCfg = Debug|Any CPU
		{EE8C731C-E6B8-4F0A-AC1D-72AE1BD62C53}.Debug|Any CPU.Build.0 = Debug|Any CPU
		{EE8C731C-E6B8-4F0A-AC1D-72AE1BD62C53}.Release|Any CPU.ActiveCfg = Release|Any CPU
		{EE8C731C-E6B8-4F0A-AC1D-72AE1BD62C53}.Release|Any CPU.Build.0 = Release|Any CPU
		{BBFD9437-4737-4B54-A7D4-34BDC6CF8942}.Debug|Any CPU.ActiveCfg = Debug|Any CPU
		{BBFD9437-4737-4B54-A7D4-34BDC6CF8942}.Debug|Any CPU.Build.0 = Debug|Any CPU
		{BBFD9437-4737-4B54-A7D4-34BDC6CF8942}.Release|Any CPU.ActiveCfg = Release|Any CPU
		{BBFD9437-4737-4B54-A7D4-34BDC6CF8942}.Release|Any CPU.Build.0 = Release|Any CPU
<<<<<<< HEAD
		{D49CE9D6-06F1-452E-865E-47B52400EE50}.Debug|Any CPU.ActiveCfg = Debug|Any CPU
		{D49CE9D6-06F1-452E-865E-47B52400EE50}.Debug|Any CPU.Build.0 = Debug|Any CPU
		{D49CE9D6-06F1-452E-865E-47B52400EE50}.Release|Any CPU.ActiveCfg = Release|Any CPU
		{D49CE9D6-06F1-452E-865E-47B52400EE50}.Release|Any CPU.Build.0 = Release|Any CPU
		{A2866B67-5516-4E09-859E-ADE85F0208F8}.Debug|Any CPU.ActiveCfg = Debug|Any CPU
		{A2866B67-5516-4E09-859E-ADE85F0208F8}.Debug|Any CPU.Build.0 = Debug|Any CPU
		{A2866B67-5516-4E09-859E-ADE85F0208F8}.Release|Any CPU.ActiveCfg = Release|Any CPU
		{A2866B67-5516-4E09-859E-ADE85F0208F8}.Release|Any CPU.Build.0 = Release|Any CPU
		{B4E20638-51DC-4A63-8CAB-D2E4893378D8}.Debug|Any CPU.ActiveCfg = Debug|Any CPU
		{B4E20638-51DC-4A63-8CAB-D2E4893378D8}.Debug|Any CPU.Build.0 = Debug|Any CPU
		{B4E20638-51DC-4A63-8CAB-D2E4893378D8}.Release|Any CPU.ActiveCfg = Release|Any CPU
		{B4E20638-51DC-4A63-8CAB-D2E4893378D8}.Release|Any CPU.Build.0 = Release|Any CPU
=======
>>>>>>> 4ab991f5b43113c601b8ca09289c65dd6da1f92f
	EndGlobalSection
	GlobalSection(SolutionProperties) = preSolution
		HideSolutionNode = FALSE
	EndGlobalSection
	GlobalSection(ExtensibilityGlobals) = postSolution
		SolutionGuid = {68BFB3AA-5EC9-4DA6-BDDB-C7D28BBB3A0D}
	EndGlobalSection
EndGlobal
