
Microsoft Visual Studio Solution File, Format Version 12.00
# Visual Studio 15
VisualStudioVersion = 15.0.28307.421
MinimumVisualStudioVersion = 10.0.40219.1
Project("{FAE04EC0-301F-11D3-BF4B-00C04F79EFBC}") = "AccountOwnerServer", "AccountOwnerServer\AccountOwnerServer.csproj", "{857285CA-C30D-49C9-8C78-9C34D3957812}"
EndProject
Project("{FAE04EC0-301F-11D3-BF4B-00C04F79EFBC}") = "Contracts", "Contracts\Contracts.csproj", "{BFFB2CCB-D330-4BA3-94F0-D364413A8D3D}"
EndProject
Project("{FAE04EC0-301F-11D3-BF4B-00C04F79EFBC}") = "LoggerService", "LoggerService\LoggerService.csproj", "{A83F3A20-6AE8-4688-B50F-D0B52CFCD3D4}"
EndProject
Global
	GlobalSection(SolutionConfigurationPlatforms) = preSolution
		Debug|Any CPU = Debug|Any CPU
		Release|Any CPU = Release|Any CPU
	EndGlobalSection
	GlobalSection(ProjectConfigurationPlatforms) = postSolution
		{857285CA-C30D-49C9-8C78-9C34D3957812}.Debug|Any CPU.ActiveCfg = Debug|Any CPU
		{857285CA-C30D-49C9-8C78-9C34D3957812}.Debug|Any CPU.Build.0 = Debug|Any CPU
		{857285CA-C30D-49C9-8C78-9C34D3957812}.Release|Any CPU.ActiveCfg = Release|Any CPU
		{857285CA-C30D-49C9-8C78-9C34D3957812}.Release|Any CPU.Build.0 = Release|Any CPU
		{BFFB2CCB-D330-4BA3-94F0-D364413A8D3D}.Debug|Any CPU.ActiveCfg = Debug|Any CPU
		{BFFB2CCB-D330-4BA3-94F0-D364413A8D3D}.Debug|Any CPU.Build.0 = Debug|Any CPU
		{BFFB2CCB-D330-4BA3-94F0-D364413A8D3D}.Release|Any CPU.ActiveCfg = Release|Any CPU
		{BFFB2CCB-D330-4BA3-94F0-D364413A8D3D}.Release|Any CPU.Build.0 = Release|Any CPU
		{A83F3A20-6AE8-4688-B50F-D0B52CFCD3D4}.Debug|Any CPU.ActiveCfg = Debug|Any CPU
		{A83F3A20-6AE8-4688-B50F-D0B52CFCD3D4}.Debug|Any CPU.Build.0 = Debug|Any CPU
		{A83F3A20-6AE8-4688-B50F-D0B52CFCD3D4}.Release|Any CPU.ActiveCfg = Release|Any CPU
		{A83F3A20-6AE8-4688-B50F-D0B52CFCD3D4}.Release|Any CPU.Build.0 = Release|Any CPU
	EndGlobalSection
	GlobalSection(SolutionProperties) = preSolution
		HideSolutionNode = FALSE
	EndGlobalSection
	GlobalSection(ExtensibilityGlobals) = postSolution
		SolutionGuid = {93F8DECF-6789-44BA-A603-588B61AAFD8E}
	EndGlobalSection
EndGlobal
